
Microsoft Visual Studio Solution File, Format Version 12.00
# Visual Studio Version 16
VisualStudioVersion = 16.0.30523.141
MinimumVisualStudioVersion = 10.0.40219.1
Project("{FAE04EC0-301F-11D3-BF4B-00C04F79EFBC}") = "UNITY", "UNITY\UNITY.csproj", "{0BBBA251-30EC-4BE6-A826-85C9CF0D0A34}"
EndProject
Global
	GlobalSection(SolutionConfigurationPlatforms) = preSolution
		Debug|Any CPU = Debug|Any CPU
		Release|Any CPU = Release|Any CPU
	EndGlobalSection
	GlobalSection(ProjectConfigurationPlatforms) = postSolution
		{0BBBA251-30EC-4BE6-A826-85C9CF0D0A34}.Debug|Any CPU.ActiveCfg = Debug|Any CPU
		{0BBBA251-30EC-4BE6-A826-85C9CF0D0A34}.Debug|Any CPU.Build.0 = Debug|Any CPU
		{0BBBA251-30EC-4BE6-A826-85C9CF0D0A34}.Release|Any CPU.ActiveCfg = Release|Any CPU
		{0BBBA251-30EC-4BE6-A826-85C9CF0D0A34}.Release|Any CPU.Build.0 = Release|Any CPU
	EndGlobalSection
	GlobalSection(SolutionProperties) = preSolution
		HideSolutionNode = FALSE
	EndGlobalSection
	GlobalSection(ExtensibilityGlobals) = postSolution
		SolutionGuid = {224011B2-D28B-4CBB-B06B-B26743328713}
	EndGlobalSection
EndGlobal
